
Microsoft Visual Studio Solution File, Format Version 12.00
# Visual Studio Version 16
VisualStudioVersion = 16.0.31025.194
MinimumVisualStudioVersion = 10.0.40219.1
Project("{8BC9CEB8-8B4A-11D0-8D11-00A0C91BC942}") = "LAB16_1", "LAB16_1\LAB16_1.vcxproj", "{5B87DFC5-6004-4574-A931-876F7692AA4F}"
EndProject
Project("{8BC9CEB8-8B4A-11D0-8D11-00A0C91BC942}") = "LAB16_2", "LAB16_2\LAB16_2.vcxproj", "{72C7A86B-AC2C-4643-9FE3-B6483616B802}"
EndProject
Project("{8BC9CEB8-8B4A-11D0-8D11-00A0C91BC942}") = "LAB16_3", "LAB16_3\LAB16_3.vcxproj", "{086EA691-F615-48D9-90AB-53220DBF3A00}"
EndProject
Project("{8BC9CEB8-8B4A-11D0-8D11-00A0C91BC942}") = "LAB16_4", "LAB16_4\LAB16_4.vcxproj", "{D104206E-7B74-4BD8-A4BE-A0E77E3B0B6E}"
EndProject
Project("{8BC9CEB8-8B4A-11D0-8D11-00A0C91BC942}") = "HW16_1", "HW16_1\HW16_1.vcxproj", "{EA0A25E6-655B-4FAD-9CFA-5A7BE0308969}"
EndProject
Project("{8BC9CEB8-8B4A-11D0-8D11-00A0C91BC942}") = "HW16_2", "HW16_2\HW16_2.vcxproj", "{FBCC83BF-6952-4944-987D-6C91537A065F}"
EndProject
Project("{8BC9CEB8-8B4A-11D0-8D11-00A0C91BC942}") = "HW16_3", "HW16_3\HW16_3.vcxproj", "{85C0027B-7269-4A4B-8829-6A63DDD69440}"
EndProject
Project("{8BC9CEB8-8B4A-11D0-8D11-00A0C91BC942}") = "LAB16_5", "LAB16_5\LAB16_5.vcxproj", "{82CD4317-2C59-4903-9FCD-5F2B5E66B924}"
EndProject
Project("{8BC9CEB8-8B4A-11D0-8D11-00A0C91BC942}") = "HW16_4", "HW16_4\HW16_4.vcxproj", "{2DFC26C5-D91E-4218-BB2D-0FB4E3A41FA5}"
EndProject
Global
	GlobalSection(SolutionConfigurationPlatforms) = preSolution
		Debug|x64 = Debug|x64
		Debug|x86 = Debug|x86
		Release|x64 = Release|x64
		Release|x86 = Release|x86
	EndGlobalSection
	GlobalSection(ProjectConfigurationPlatforms) = postSolution
		{5B87DFC5-6004-4574-A931-876F7692AA4F}.Debug|x64.ActiveCfg = Debug|x64
		{5B87DFC5-6004-4574-A931-876F7692AA4F}.Debug|x64.Build.0 = Debug|x64
		{5B87DFC5-6004-4574-A931-876F7692AA4F}.Debug|x86.ActiveCfg = Debug|Win32
		{5B87DFC5-6004-4574-A931-876F7692AA4F}.Debug|x86.Build.0 = Debug|Win32
		{5B87DFC5-6004-4574-A931-876F7692AA4F}.Release|x64.ActiveCfg = Release|x64
		{5B87DFC5-6004-4574-A931-876F7692AA4F}.Release|x64.Build.0 = Release|x64
		{5B87DFC5-6004-4574-A931-876F7692AA4F}.Release|x86.ActiveCfg = Release|Win32
		{5B87DFC5-6004-4574-A931-876F7692AA4F}.Release|x86.Build.0 = Release|Win32
		{72C7A86B-AC2C-4643-9FE3-B6483616B802}.Debug|x64.ActiveCfg = Debug|x64
		{72C7A86B-AC2C-4643-9FE3-B6483616B802}.Debug|x64.Build.0 = Debug|x64
		{72C7A86B-AC2C-4643-9FE3-B6483616B802}.Debug|x86.ActiveCfg = Debug|Win32
		{72C7A86B-AC2C-4643-9FE3-B6483616B802}.Debug|x86.Build.0 = Debug|Win32
		{72C7A86B-AC2C-4643-9FE3-B6483616B802}.Release|x64.ActiveCfg = Release|x64
		{72C7A86B-AC2C-4643-9FE3-B6483616B802}.Release|x64.Build.0 = Release|x64
		{72C7A86B-AC2C-4643-9FE3-B6483616B802}.Release|x86.ActiveCfg = Release|Win32
		{72C7A86B-AC2C-4643-9FE3-B6483616B802}.Release|x86.Build.0 = Release|Win32
		{086EA691-F615-48D9-90AB-53220DBF3A00}.Debug|x64.ActiveCfg = Debug|x64
		{086EA691-F615-48D9-90AB-53220DBF3A00}.Debug|x64.Build.0 = Debug|x64
		{086EA691-F615-48D9-90AB-53220DBF3A00}.Debug|x86.ActiveCfg = Debug|Win32
		{086EA691-F615-48D9-90AB-53220DBF3A00}.Debug|x86.Build.0 = Debug|Win32
		{086EA691-F615-48D9-90AB-53220DBF3A00}.Release|x64.ActiveCfg = Release|x64
		{086EA691-F615-48D9-90AB-53220DBF3A00}.Release|x64.Build.0 = Release|x64
		{086EA691-F615-48D9-90AB-53220DBF3A00}.Release|x86.ActiveCfg = Release|Win32
		{086EA691-F615-48D9-90AB-53220DBF3A00}.Release|x86.Build.0 = Release|Win32
		{D104206E-7B74-4BD8-A4BE-A0E77E3B0B6E}.Debug|x64.ActiveCfg = Debug|x64
		{D104206E-7B74-4BD8-A4BE-A0E77E3B0B6E}.Debug|x64.Build.0 = Debug|x64
		{D104206E-7B74-4BD8-A4BE-A0E77E3B0B6E}.Debug|x86.ActiveCfg = Debug|Win32
		{D104206E-7B74-4BD8-A4BE-A0E77E3B0B6E}.Debug|x86.Build.0 = Debug|Win32
		{D104206E-7B74-4BD8-A4BE-A0E77E3B0B6E}.Release|x64.ActiveCfg = Release|x64
		{D104206E-7B74-4BD8-A4BE-A0E77E3B0B6E}.Release|x64.Build.0 = Release|x64
		{D104206E-7B74-4BD8-A4BE-A0E77E3B0B6E}.Release|x86.ActiveCfg = Release|Win32
		{D104206E-7B74-4BD8-A4BE-A0E77E3B0B6E}.Release|x86.Build.0 = Release|Win32
		{EA0A25E6-655B-4FAD-9CFA-5A7BE0308969}.Debug|x64.ActiveCfg = Debug|x64
		{EA0A25E6-655B-4FAD-9CFA-5A7BE0308969}.Debug|x64.Build.0 = Debug|x64
		{EA0A25E6-655B-4FAD-9CFA-5A7BE0308969}.Debug|x86.ActiveCfg = Debug|Win32
		{EA0A25E6-655B-4FAD-9CFA-5A7BE0308969}.Debug|x86.Build.0 = Debug|Win32
		{EA0A25E6-655B-4FAD-9CFA-5A7BE0308969}.Release|x64.ActiveCfg = Release|x64
		{EA0A25E6-655B-4FAD-9CFA-5A7BE0308969}.Release|x64.Build.0 = Release|x64
		{EA0A25E6-655B-4FAD-9CFA-5A7BE0308969}.Release|x86.ActiveCfg = Release|Win32
		{EA0A25E6-655B-4FAD-9CFA-5A7BE0308969}.Release|x86.Build.0 = Release|Win32
		{FBCC83BF-6952-4944-987D-6C91537A065F}.Debug|x64.ActiveCfg = Debug|x64
		{FBCC83BF-6952-4944-987D-6C91537A065F}.Debug|x64.Build.0 = Debug|x64
		{FBCC83BF-6952-4944-987D-6C91537A065F}.Debug|x86.ActiveCfg = Debug|Win32
		{FBCC83BF-6952-4944-987D-6C91537A065F}.Debug|x86.Build.0 = Debug|Win32
		{FBCC83BF-6952-4944-987D-6C91537A065F}.Release|x64.ActiveCfg = Release|x64
		{FBCC83BF-6952-4944-987D-6C91537A065F}.Release|x64.Build.0 = Release|x64
		{FBCC83BF-6952-4944-987D-6C91537A065F}.Release|x86.ActiveCfg = Release|Win32
		{FBCC83BF-6952-4944-987D-6C91537A065F}.Release|x86.Build.0 = Release|Win32
		{85C0027B-7269-4A4B-8829-6A63DDD69440}.Debug|x64.ActiveCfg = Debug|x64
		{85C0027B-7269-4A4B-8829-6A63DDD69440}.Debug|x64.Build.0 = Debug|x64
		{85C0027B-7269-4A4B-8829-6A63DDD69440}.Debug|x86.ActiveCfg = Debug|Win32
		{85C0027B-7269-4A4B-8829-6A63DDD69440}.Debug|x86.Build.0 = Debug|Win32
		{85C0027B-7269-4A4B-8829-6A63DDD69440}.Release|x64.ActiveCfg = Release|x64
		{85C0027B-7269-4A4B-8829-6A63DDD69440}.Release|x64.Build.0 = Release|x64
		{85C0027B-7269-4A4B-8829-6A63DDD69440}.Release|x86.ActiveCfg = Release|Win32
		{85C0027B-7269-4A4B-8829-6A63DDD69440}.Release|x86.Build.0 = Release|Win32
		{82CD4317-2C59-4903-9FCD-5F2B5E66B924}.Debug|x64.ActiveCfg = Debug|x64
		{82CD4317-2C59-4903-9FCD-5F2B5E66B924}.Debug|x64.Build.0 = Debug|x64
		{82CD4317-2C59-4903-9FCD-5F2B5E66B924}.Debug|x86.ActiveCfg = Debug|Win32
		{82CD4317-2C59-4903-9FCD-5F2B5E66B924}.Debug|x86.Build.0 = Debug|Win32
		{82CD4317-2C59-4903-9FCD-5F2B5E66B924}.Release|x64.ActiveCfg = Release|x64
		{82CD4317-2C59-4903-9FCD-5F2B5E66B924}.Release|x64.Build.0 = Release|x64
		{82CD4317-2C59-4903-9FCD-5F2B5E66B924}.Release|x86.ActiveCfg = Release|Win32
		{82CD4317-2C59-4903-9FCD-5F2B5E66B924}.Release|x86.Build.0 = Release|Win32
		{2DFC26C5-D91E-4218-BB2D-0FB4E3A41FA5}.Debug|x64.ActiveCfg = Debug|x64
		{2DFC26C5-D91E-4218-BB2D-0FB4E3A41FA5}.Debug|x64.Build.0 = Debug|x64
		{2DFC26C5-D91E-4218-BB2D-0FB4E3A41FA5}.Debug|x86.ActiveCfg = Debug|Win32
		{2DFC26C5-D91E-4218-BB2D-0FB4E3A41FA5}.Debug|x86.Build.0 = Debug|Win32
		{2DFC26C5-D91E-4218-BB2D-0FB4E3A41FA5}.Release|x64.ActiveCfg = Release|x64
		{2DFC26C5-D91E-4218-BB2D-0FB4E3A41FA5}.Release|x64.Build.0 = Release|x64
		{2DFC26C5-D91E-4218-BB2D-0FB4E3A41FA5}.Release|x86.ActiveCfg = Release|Win32
		{2DFC26C5-D91E-4218-BB2D-0FB4E3A41FA5}.Release|x86.Build.0 = Release|Win32
	EndGlobalSection
	GlobalSection(SolutionProperties) = preSolution
		HideSolutionNode = FALSE
	EndGlobalSection
	GlobalSection(ExtensibilityGlobals) = postSolution
		SolutionGuid = {407E8619-59B5-4195-9424-10B1AEF26619}
	EndGlobalSection
EndGlobal
